// !$*UTF8*$!
{
	archiveVersion = 1;
	classes = {
	};
	objectVersion = 45;
	objects = {

/* Begin PBXBuildFile section */
		1D3623260D0F684500981E51 /* ChattyAppDelegate.m in Sources */ = {isa = PBXBuildFile; fileRef = 1D3623250D0F684500981E51 /* ChattyAppDelegate.m */; };
		1D60589B0D05DD56006BFB54 /* main.m in Sources */ = {isa = PBXBuildFile; fileRef = 29B97316FDCFA39411CA2CEA /* main.m */; };
		1D60589F0D05DD5A006BFB54 /* Foundation.framework in Frameworks */ = {isa = PBXBuildFile; fileRef = 1D30AB110D05D00D00671497 /* Foundation.framework */; };
		1DF5F4E00D08C38300B7A737 /* UIKit.framework in Frameworks */ = {isa = PBXBuildFile; fileRef = 1DF5F4DF0D08C38300B7A737 /* UIKit.framework */; };
		288765A50DF7441C002DB57D /* CoreGraphics.framework in Frameworks */ = {isa = PBXBuildFile; fileRef = 288765A40DF7441C002DB57D /* CoreGraphics.framework */; };
		2899E5220DE3E06400AC0155 /* ChattyViewController.xib in Resources */ = {isa = PBXBuildFile; fileRef = 2899E5210DE3E06400AC0155 /* ChattyViewController.xib */; };
		28AD733F0D9D9553002E5188 /* MainWindow.xib in Resources */ = {isa = PBXBuildFile; fileRef = 28AD733E0D9D9553002E5188 /* MainWindow.xib */; };
		28D7ACF80DDB3853001CB0EB /* ChattyViewController.m in Sources */ = {isa = PBXBuildFile; fileRef = 28D7ACF70DDB3853001CB0EB /* ChattyViewController.m */; };
		D039DF4E0F9E50E100C77B72 /* WelcomeViewController.xib in Resources */ = {isa = PBXBuildFile; fileRef = D039DF4D0F9E50E100C77B72 /* WelcomeViewController.xib */; };
		D039DF550F9E515F00C77B72 /* WelcomeViewController.m in Sources */ = {isa = PBXBuildFile; fileRef = D039DF540F9E515F00C77B72 /* WelcomeViewController.m */; };
		D043D7F30F94AA2A0030638C /* Server.m in Sources */ = {isa = PBXBuildFile; fileRef = D043D7F20F94AA2A0030638C /* Server.m */; };
		D043D7FB0F94B0BD0030638C /* Connection.m in Sources */ = {isa = PBXBuildFile; fileRef = D043D7FA0F94B0BD0030638C /* Connection.m */; };
		D043D8060F99B6A90030638C /* RemoteRoom.m in Sources */ = {isa = PBXBuildFile; fileRef = D043D8050F99B6A90030638C /* RemoteRoom.m */; };
		D043D8480F99BB250030638C /* LocalRoom.m in Sources */ = {isa = PBXBuildFile; fileRef = D043D8470F99BB250030638C /* LocalRoom.m */; };
		D043D8EF0F9A1C980030638C /* CFNetwork.framework in Frameworks */ = {isa = PBXBuildFile; fileRef = D043D8EE0F9A1C980030638C /* CFNetwork.framework */; };
		D043D91A0F9CB4A60030638C /* AppConfig.m in Sources */ = {isa = PBXBuildFile; fileRef = D043D9190F9CB4A60030638C /* AppConfig.m */; };
		D043DA9D0F9CEA100030638C /* ServerBrowser.m in Sources */ = {isa = PBXBuildFile; fileRef = D043DA9C0F9CEA100030638C /* ServerBrowser.m */; };
		D0510A460F9DFCB900B735FA /* ChatRoomViewController.m in Sources */ = {isa = PBXBuildFile; fileRef = D0510A450F9DFCB900B735FA /* ChatRoomViewController.m */; };
		D0510A480F9DFD0300B735FA /* ChatRoomViewController.xib in Resources */ = {isa = PBXBuildFile; fileRef = D0510A470F9DFD0300B735FA /* ChatRoomViewController.xib */; };
		D0510A520F9E00BB00B735FA /* Room.m in Sources */ = {isa = PBXBuildFile; fileRef = D0510A510F9E00BB00B735FA /* Room.m */; };
		D0510A700F9E14ED00B735FA /* UITextView+Utils.m in Sources */ = {isa = PBXBuildFile; fileRef = D0510A6E0F9E14ED00B735FA /* UITextView+Utils.m */; };
/* End PBXBuildFile section */

/* Begin PBXFileReference section */
		1D30AB110D05D00D00671497 /* Foundation.framework */ = {isa = PBXFileReference; lastKnownFileType = wrapper.framework; name = Foundation.framework; path = System/Library/Frameworks/Foundation.framework; sourceTree = SDKROOT; };
		1D3623240D0F684500981E51 /* ChattyAppDelegate.h */ = {isa = PBXFileReference; fileEncoding = 4; lastKnownFileType = sourcecode.c.h; path = ChattyAppDelegate.h; sourceTree = "<group>"; };
		1D3623250D0F684500981E51 /* ChattyAppDelegate.m */ = {isa = PBXFileReference; fileEncoding = 4; lastKnownFileType = sourcecode.c.objc; path = ChattyAppDelegate.m; sourceTree = "<group>"; };
		1D6058910D05DD3D006BFB54 /* Chatty.app */ = {isa = PBXFileReference; explicitFileType = wrapper.application; includeInIndex = 0; path = Chatty.app; sourceTree = BUILT_PRODUCTS_DIR; };
		1DF5F4DF0D08C38300B7A737 /* UIKit.framework */ = {isa = PBXFileReference; lastKnownFileType = wrapper.framework; name = UIKit.framework; path = System/Library/Frameworks/UIKit.framework; sourceTree = SDKROOT; };
		288765A40DF7441C002DB57D /* CoreGraphics.framework */ = {isa = PBXFileReference; lastKnownFileType = wrapper.framework; name = CoreGraphics.framework; path = System/Library/Frameworks/CoreGraphics.framework; sourceTree = SDKROOT; };
		2899E5210DE3E06400AC0155 /* ChattyViewController.xib */ = {isa = PBXFileReference; lastKnownFileType = file.xib; path = ChattyViewController.xib; sourceTree = "<group>"; };
		28AD733E0D9D9553002E5188 /* MainWindow.xib */ = {isa = PBXFileReference; lastKnownFileType = file.xib; path = MainWindow.xib; sourceTree = "<group>"; };
		28D7ACF60DDB3853001CB0EB /* ChattyViewController.h */ = {isa = PBXFileReference; fileEncoding = 4; lastKnownFileType = sourcecode.c.h; path = ChattyViewController.h; sourceTree = "<group>"; };
		28D7ACF70DDB3853001CB0EB /* ChattyViewController.m */ = {isa = PBXFileReference; fileEncoding = 4; lastKnownFileType = sourcecode.c.objc; path = ChattyViewController.m; sourceTree = "<group>"; };
		29B97316FDCFA39411CA2CEA /* main.m */ = {isa = PBXFileReference; fileEncoding = 4; lastKnownFileType = sourcecode.c.objc; path = main.m; sourceTree = "<group>"; };
		32CA4F630368D1EE00C91783 /* Chatty_Prefix.pch */ = {isa = PBXFileReference; fileEncoding = 4; lastKnownFileType = sourcecode.c.h; path = Chatty_Prefix.pch; sourceTree = "<group>"; };
		8D1107310486CEB800E47090 /* Info.plist */ = {isa = PBXFileReference; fileEncoding = 4; lastKnownFileType = text.plist.xml; path = Info.plist; sourceTree = "<group>"; };
		D039DD800F9E33C100C77B72 /* ServerBrowserDelegate.h */ = {isa = PBXFileReference; fileEncoding = 4; lastKnownFileType = sourcecode.c.h; path = ServerBrowserDelegate.h; sourceTree = "<group>"; };
		D039DF4D0F9E50E100C77B72 /* WelcomeViewController.xib */ = {isa = PBXFileReference; lastKnownFileType = file.xib; path = WelcomeViewController.xib; sourceTree = "<group>"; };
		D039DF530F9E515F00C77B72 /* WelcomeViewController.h */ = {isa = PBXFileReference; fileEncoding = 4; lastKnownFileType = sourcecode.c.h; path = WelcomeViewController.h; sourceTree = "<group>"; };
		D039DF540F9E515F00C77B72 /* WelcomeViewController.m */ = {isa = PBXFileReference; fileEncoding = 4; lastKnownFileType = sourcecode.c.objc; path = WelcomeViewController.m; sourceTree = "<group>"; };
		D043D7F10F94AA2A0030638C /* Server.h */ = {isa = PBXFileReference; fileEncoding = 4; lastKnownFileType = sourcecode.c.h; path = Server.h; sourceTree = "<group>"; };
		D043D7F20F94AA2A0030638C /* Server.m */ = {isa = PBXFileReference; fileEncoding = 4; lastKnownFileType = sourcecode.c.objc; path = Server.m; sourceTree = "<group>"; };
		D043D7F40F94AF8C0030638C /* ServerDelegate.h */ = {isa = PBXFileReference; fileEncoding = 4; lastKnownFileType = sourcecode.c.h; path = ServerDelegate.h; sourceTree = "<group>"; };
		D043D7F90F94B0BD0030638C /* Connection.h */ = {isa = PBXFileReference; fileEncoding = 4; lastKnownFileType = sourcecode.c.h; path = Connection.h; sourceTree = "<group>"; };
		D043D7FA0F94B0BD0030638C /* Connection.m */ = {isa = PBXFileReference; fileEncoding = 4; lastKnownFileType = sourcecode.c.objc; path = Connection.m; sourceTree = "<group>"; };
		D043D7FF0F94B27E0030638C /* ConnectionDelegate.h */ = {isa = PBXFileReference; fileEncoding = 4; lastKnownFileType = sourcecode.c.h; path = ConnectionDelegate.h; sourceTree = "<group>"; };
		D043D8020F9736E60030638C /* Room.h */ = {isa = PBXFileReference; fileEncoding = 4; lastKnownFileType = sourcecode.c.h; path = Room.h; sourceTree = "<group>"; };
		D043D8030F97459E0030638C /* RoomDelegate.h */ = {isa = PBXFileReference; fileEncoding = 4; lastKnownFileType = sourcecode.c.h; path = RoomDelegate.h; sourceTree = "<group>"; };
		D043D8040F99B6A90030638C /* RemoteRoom.h */ = {isa = PBXFileReference; fileEncoding = 4; lastKnownFileType = sourcecode.c.h; path = RemoteRoom.h; sourceTree = "<group>"; };
		D043D8050F99B6A90030638C /* RemoteRoom.m */ = {isa = PBXFileReference; fileEncoding = 4; lastKnownFileType = sourcecode.c.objc; path = RemoteRoom.m; sourceTree = "<group>"; };
		D043D8460F99BB250030638C /* LocalRoom.h */ = {isa = PBXFileReference; fileEncoding = 4; lastKnownFileType = sourcecode.c.h; path = LocalRoom.h; sourceTree = "<group>"; };
		D043D8470F99BB250030638C /* LocalRoom.m */ = {isa = PBXFileReference; fileEncoding = 4; lastKnownFileType = sourcecode.c.objc; path = LocalRoom.m; sourceTree = "<group>"; };
		D043D8EE0F9A1C980030638C /* CFNetwork.framework */ = {isa = PBXFileReference; lastKnownFileType = wrapper.framework; name = CFNetwork.framework; path = System/Library/Frameworks/CFNetwork.framework; sourceTree = SDKROOT; };
		D043D9180F9CB4A60030638C /* AppConfig.h */ = {isa = PBXFileReference; fileEncoding = 4; lastKnownFileType = sourcecode.c.h; path = AppConfig.h; sourceTree = "<group>"; };
		D043D9190F9CB4A60030638C /* AppConfig.m */ = {isa = PBXFileReference; fileEncoding = 4; lastKnownFileType = sourcecode.c.objc; path = AppConfig.m; sourceTree = "<group>"; };
		D043DA9B0F9CEA100030638C /* ServerBrowser.h */ = {isa = PBXFileReference; fileEncoding = 4; lastKnownFileType = sourcecode.c.h; path = ServerBrowser.h; sourceTree = "<group>"; };
		D043DA9C0F9CEA100030638C /* ServerBrowser.m */ = {isa = PBXFileReference; fileEncoding = 4; lastKnownFileType = sourcecode.c.objc; path = ServerBrowser.m; sourceTree = "<group>"; };
		D0510A440F9DFCB900B735FA /* ChatRoomViewController.h */ = {isa = PBXFileReference; fileEncoding = 4; lastKnownFileType = sourcecode.c.h; name = ChatRoomViewController.h; path = ../ChatRoomViewController.h; sourceTree = "<group>"; };
		D0510A450F9DFCB900B735FA /* ChatRoomViewController.m */ = {isa = PBXFileReference; fileEncoding = 4; lastKnownFileType = sourcecode.c.objc; name = ChatRoomViewController.m; path = ../ChatRoomViewController.m; sourceTree = "<group>"; };
		D0510A470F9DFD0300B735FA /* ChatRoomViewController.xib */ = {isa = PBXFileReference; lastKnownFileType = file.xib; path = ChatRoomViewController.xib; sourceTree = "<group>"; };
		D0510A510F9E00BB00B735FA /* Room.m */ = {isa = PBXFileReference; fileEncoding = 4; lastKnownFileType = sourcecode.c.objc; path = Room.m; sourceTree = "<group>"; };
		D0510A6E0F9E14ED00B735FA /* UITextView+Utils.m */ = {isa = PBXFileReference; fileEncoding = 4; lastKnownFileType = sourcecode.c.objc; path = "UITextView+Utils.m"; sourceTree = "<group>"; };
		D0510A6F0F9E14ED00B735FA /* UITextView+Utils.h */ = {isa = PBXFileReference; fileEncoding = 4; lastKnownFileType = sourcecode.c.h; path = "UITextView+Utils.h"; sourceTree = "<group>"; };
/* End PBXFileReference section */

/* Begin PBXFrameworksBuildPhase section */
		1D60588F0D05DD3D006BFB54 /* Frameworks */ = {
			isa = PBXFrameworksBuildPhase;
			buildActionMask = 2147483647;
			files = (
				1D60589F0D05DD5A006BFB54 /* Foundation.framework in Frameworks */,
				1DF5F4E00D08C38300B7A737 /* UIKit.framework in Frameworks */,
				288765A50DF7441C002DB57D /* CoreGraphics.framework in Frameworks */,
				D043D8EF0F9A1C980030638C /* CFNetwork.framework in Frameworks */,
			);
			runOnlyForDeploymentPostprocessing = 0;
		};
/* End PBXFrameworksBuildPhase section */

/* Begin PBXGroup section */
		080E96DDFE201D6D7F000001 /* Classes */ = {
			isa = PBXGroup;
			children = (
				D043DA070F9CC4C40030638C /* Business Logic */,
				D043D7F00F94AA0B0030638C /* Networking */,
				D0B0372F0FA61471000EC42B /* UI */,
				D0510A710F9E14F200B735FA /* Misc */,
			);
			path = Classes;
			sourceTree = "<group>";
		};
		19C28FACFE9D520D11CA2CBB /* Products */ = {
			isa = PBXGroup;
			children = (
				1D6058910D05DD3D006BFB54 /* Chatty.app */,
			);
			name = Products;
			sourceTree = "<group>";
		};
		29B97314FDCFA39411CA2CEA /* CustomTemplate */ = {
			isa = PBXGroup;
			children = (
				080E96DDFE201D6D7F000001 /* Classes */,
				29B97315FDCFA39411CA2CEA /* Other Sources */,
				29B97317FDCFA39411CA2CEA /* Resources */,
				29B97323FDCFA39411CA2CEA /* Frameworks */,
				19C28FACFE9D520D11CA2CBB /* Products */,
			);
			name = CustomTemplate;
			sourceTree = "<group>";
		};
		29B97315FDCFA39411CA2CEA /* Other Sources */ = {
			isa = PBXGroup;
			children = (
				32CA4F630368D1EE00C91783 /* Chatty_Prefix.pch */,
				29B97316FDCFA39411CA2CEA /* main.m */,
			);
			name = "Other Sources";
			sourceTree = "<group>";
		};
		29B97317FDCFA39411CA2CEA /* Resources */ = {
			isa = PBXGroup;
			children = (
				D039DF4D0F9E50E100C77B72 /* WelcomeViewController.xib */,
				2899E5210DE3E06400AC0155 /* ChattyViewController.xib */,
				D0510A470F9DFD0300B735FA /* ChatRoomViewController.xib */,
				28AD733E0D9D9553002E5188 /* MainWindow.xib */,
				8D1107310486CEB800E47090 /* Info.plist */,
			);
			name = Resources;
			sourceTree = "<group>";
		};
		29B97323FDCFA39411CA2CEA /* Frameworks */ = {
			isa = PBXGroup;
			children = (
				D043D8EE0F9A1C980030638C /* CFNetwork.framework */,
				1DF5F4DF0D08C38300B7A737 /* UIKit.framework */,
				1D30AB110D05D00D00671497 /* Foundation.framework */,
				288765A40DF7441C002DB57D /* CoreGraphics.framework */,
			);
			name = Frameworks;
			sourceTree = "<group>";
		};
		D043D7F00F94AA0B0030638C /* Networking */ = {
			isa = PBXGroup;
			children = (
				D043D7F10F94AA2A0030638C /* Server.h */,
				D043D7F20F94AA2A0030638C /* Server.m */,
				D043D7F40F94AF8C0030638C /* ServerDelegate.h */,
				D043D7F90F94B0BD0030638C /* Connection.h */,
				D043D7FA0F94B0BD0030638C /* Connection.m */,
				D043D7FF0F94B27E0030638C /* ConnectionDelegate.h */,
				D043DA9B0F9CEA100030638C /* ServerBrowser.h */,
				D043DA9C0F9CEA100030638C /* ServerBrowser.m */,
				D039DD800F9E33C100C77B72 /* ServerBrowserDelegate.h */,
			);
			name = Networking;
			sourceTree = "<group>";
		};
		D043DA070F9CC4C40030638C /* Business Logic */ = {
			isa = PBXGroup;
			children = (
				D043D8020F9736E60030638C /* Room.h */,
				D0510A510F9E00BB00B735FA /* Room.m */,
				D043D8030F97459E0030638C /* RoomDelegate.h */,
				D043D8040F99B6A90030638C /* RemoteRoom.h */,
				D043D8050F99B6A90030638C /* RemoteRoom.m */,
				D043D8460F99BB250030638C /* LocalRoom.h */,
				D043D8470F99BB250030638C /* LocalRoom.m */,
			);
			name = "Business Logic";
			sourceTree = "<group>";
		};
		D0510A710F9E14F200B735FA /* Misc */ = {
			isa = PBXGroup;
			children = (
				D0510A6E0F9E14ED00B735FA /* UITextView+Utils.m */,
				D0510A6F0F9E14ED00B735FA /* UITextView+Utils.h */,
				D043D9180F9CB4A60030638C /* AppConfig.h */,
				D043D9190F9CB4A60030638C /* AppConfig.m */,
			);
			name = Misc;
			sourceTree = "<group>";
		};
		D0B0372F0FA61471000EC42B /* UI */ = {
			isa = PBXGroup;
			children = (
				D039DF530F9E515F00C77B72 /* WelcomeViewController.h */,
				D039DF540F9E515F00C77B72 /* WelcomeViewController.m */,
				1D3623240D0F684500981E51 /* ChattyAppDelegate.h */,
				1D3623250D0F684500981E51 /* ChattyAppDelegate.m */,
				28D7ACF60DDB3853001CB0EB /* ChattyViewController.h */,
				28D7ACF70DDB3853001CB0EB /* ChattyViewController.m */,
				D0510A440F9DFCB900B735FA /* ChatRoomViewController.h */,
				D0510A450F9DFCB900B735FA /* ChatRoomViewController.m */,
			);
			name = UI;
			sourceTree = "<group>";
		};
/* End PBXGroup section */

/* Begin PBXNativeTarget section */
		1D6058900D05DD3D006BFB54 /* Chatty */ = {
			isa = PBXNativeTarget;
			buildConfigurationList = 1D6058960D05DD3E006BFB54 /* Build configuration list for PBXNativeTarget "Chatty" */;
			buildPhases = (
				1D60588D0D05DD3D006BFB54 /* Resources */,
				1D60588E0D05DD3D006BFB54 /* Sources */,
				1D60588F0D05DD3D006BFB54 /* Frameworks */,
			);
			buildRules = (
			);
			dependencies = (
			);
			name = Chatty;
			productName = Chatty;
			productReference = 1D6058910D05DD3D006BFB54 /* Chatty.app */;
			productType = "com.apple.product-type.application";
		};
/* End PBXNativeTarget section */

/* Begin PBXProject section */
		29B97313FDCFA39411CA2CEA /* Project object */ = {
			isa = PBXProject;
			buildConfigurationList = C01FCF4E08A954540054247B /* Build configuration list for PBXProject "Chatty" */;
			compatibilityVersion = "Xcode 3.1";
			hasScannedForEncodings = 1;
			mainGroup = 29B97314FDCFA39411CA2CEA /* CustomTemplate */;
			projectDirPath = "";
			projectRoot = "";
			targets = (
				1D6058900D05DD3D006BFB54 /* Chatty */,
			);
		};
/* End PBXProject section */

/* Begin PBXResourcesBuildPhase section */
		1D60588D0D05DD3D006BFB54 /* Resources */ = {
			isa = PBXResourcesBuildPhase;
			buildActionMask = 2147483647;
			files = (
				28AD733F0D9D9553002E5188 /* MainWindow.xib in Resources */,
				2899E5220DE3E06400AC0155 /* ChattyViewController.xib in Resources */,
				D0510A480F9DFD0300B735FA /* ChatRoomViewController.xib in Resources */,
				D039DF4E0F9E50E100C77B72 /* WelcomeViewController.xib in Resources */,
			);
			runOnlyForDeploymentPostprocessing = 0;
		};
/* End PBXResourcesBuildPhase section */

/* Begin PBXSourcesBuildPhase section */
		1D60588E0D05DD3D006BFB54 /* Sources */ = {
			isa = PBXSourcesBuildPhase;
			buildActionMask = 2147483647;
			files = (
				1D60589B0D05DD56006BFB54 /* main.m in Sources */,
				1D3623260D0F684500981E51 /* ChattyAppDelegate.m in Sources */,
				28D7ACF80DDB3853001CB0EB /* ChattyViewController.m in Sources */,
				D043D7F30F94AA2A0030638C /* Server.m in Sources */,
				D043D7FB0F94B0BD0030638C /* Connection.m in Sources */,
				D043D8060F99B6A90030638C /* RemoteRoom.m in Sources */,
				D043D8480F99BB250030638C /* LocalRoom.m in Sources */,
				D043D91A0F9CB4A60030638C /* AppConfig.m in Sources */,
				D043DA9D0F9CEA100030638C /* ServerBrowser.m in Sources */,
				D0510A460F9DFCB900B735FA /* ChatRoomViewController.m in Sources */,
				D0510A520F9E00BB00B735FA /* Room.m in Sources */,
				D0510A700F9E14ED00B735FA /* UITextView+Utils.m in Sources */,
				D039DF550F9E515F00C77B72 /* WelcomeViewController.m in Sources */,
			);
			runOnlyForDeploymentPostprocessing = 0;
		};
/* End PBXSourcesBuildPhase section */

/* Begin XCBuildConfiguration section */
		1D6058940D05DD3E006BFB54 /* Debug */ = {
			isa = XCBuildConfiguration;
			buildSettings = {
				ALWAYS_SEARCH_USER_PATHS = NO;
				COPY_PHASE_STRIP = NO;
				GCC_DYNAMIC_NO_PIC = NO;
				GCC_OPTIMIZATION_LEVEL = 0;
				GCC_PRECOMPILE_PREFIX_HEADER = YES;
				GCC_PREFIX_HEADER = Chatty_Prefix.pch;
				INFOPLIST_FILE = Info.plist;
				PRODUCT_NAME = Chatty;
			};
			name = Debug;
		};
		1D6058950D05DD3E006BFB54 /* Release */ = {
			isa = XCBuildConfiguration;
			buildSettings = {
				ALWAYS_SEARCH_USER_PATHS = NO;
				COPY_PHASE_STRIP = YES;
				GCC_PRECOMPILE_PREFIX_HEADER = YES;
				GCC_PREFIX_HEADER = Chatty_Prefix.pch;
				INFOPLIST_FILE = Info.plist;
				PRODUCT_NAME = Chatty;
			};
			name = Release;
		};
		C01FCF4F08A954540054247B /* Debug */ = {
			isa = XCBuildConfiguration;
			buildSettings = {
				ARCHS = "$(ARCHS_STANDARD_32_BIT)";
				GCC_C_LANGUAGE_STANDARD = c99;
				GCC_WARN_ABOUT_RETURN_TYPE = YES;
				GCC_WARN_UNUSED_VARIABLE = YES;
				ONLY_ACTIVE_ARCH = YES;
				PREBINDING = NO;
				"PROVISIONING_PROFILE[sdk=iphoneos*]" = "6159D940-09F8-47E3-BDAE-0AC4591415CF";
				SDKROOT = iphonesimulator2.2;
			};
			name = Debug;
		};
		C01FCF5008A954540054247B /* Release */ = {
			isa = XCBuildConfiguration;
			buildSettings = {
				ARCHS = "$(ARCHS_STANDARD_32_BIT)";
				GCC_C_LANGUAGE_STANDARD = c99;
				GCC_WARN_ABOUT_RETURN_TYPE = YES;
				GCC_WARN_UNUSED_VARIABLE = YES;
				PREBINDING = NO;
				SDKROOT = iphonesimulator2.2;
			};
			name = Release;
		};
/* End XCBuildConfiguration section */

/* Begin XCConfigurationList section */
		1D6058960D05DD3E006BFB54 /* Build configuration list for PBXNativeTarget "Chatty" */ = {
			isa = XCConfigurationList;
			buildConfigurations = (
				1D6058940D05DD3E006BFB54 /* Debug */,
				1D6058950D05DD3E006BFB54 /* Release */,
			);
			defaultConfigurationIsVisible = 0;
			defaultConfigurationName = Release;
		};
		C01FCF4E08A954540054247B /* Build configuration list for PBXProject "Chatty" */ = {
			isa = XCConfigurationList;
			buildConfigurations = (
				C01FCF4F08A954540054247B /* Debug */,
				C01FCF5008A954540054247B /* Release */,
			);
			defaultConfigurationIsVisible = 0;
			defaultConfigurationName = Release;
		};
/* End XCConfigurationList section */
	};
	rootObject = 29B97313FDCFA39411CA2CEA /* Project object */;
}
